
Microsoft Visual Studio Solution File, Format Version 12.00
Project("{FAE04EC0-301F-11D3-BF4B-00C04F79EFBC}") = "net-scheduler", "net-scheduler\net-scheduler.csproj", "{D890144F-E723-499F-9F30-C118913F0136}"
EndProject
Global
	GlobalSection(SolutionConfigurationPlatforms) = preSolution
		Debug|Any CPU = Debug|Any CPU
		Release|Any CPU = Release|Any CPU
	EndGlobalSection
	GlobalSection(ProjectConfigurationPlatforms) = postSolution
		{D890144F-E723-499F-9F30-C118913F0136}.Debug|Any CPU.ActiveCfg = Debug|Any CPU
		{D890144F-E723-499F-9F30-C118913F0136}.Debug|Any CPU.Build.0 = Debug|Any CPU
		{D890144F-E723-499F-9F30-C118913F0136}.Release|Any CPU.ActiveCfg = Release|Any CPU
		{D890144F-E723-499F-9F30-C118913F0136}.Release|Any CPU.Build.0 = Release|Any CPU
	EndGlobalSection
EndGlobal
